
Microsoft Visual Studio Solution File, Format Version 12.00
# Visual Studio Version 16
VisualStudioVersion = 16.0.31229.75
MinimumVisualStudioVersion = 10.0.40219.1
Project("{FAE04EC0-301F-11D3-BF4B-00C04F79EFBC}") = "AssignmentThree", "AssignmentThree\AssignmentThree.csproj", "{E159576B-8AC3-42E4-A604-E93A27B481B4}"
EndProject
Global
	GlobalSection(SolutionConfigurationPlatforms) = preSolution
		Debug|Any CPU = Debug|Any CPU
		Release|Any CPU = Release|Any CPU
	EndGlobalSection
	GlobalSection(ProjectConfigurationPlatforms) = postSolution
		{E159576B-8AC3-42E4-A604-E93A27B481B4}.Debug|Any CPU.ActiveCfg = Debug|Any CPU
		{E159576B-8AC3-42E4-A604-E93A27B481B4}.Debug|Any CPU.Build.0 = Debug|Any CPU
		{E159576B-8AC3-42E4-A604-E93A27B481B4}.Release|Any CPU.ActiveCfg = Release|Any CPU
		{E159576B-8AC3-42E4-A604-E93A27B481B4}.Release|Any CPU.Build.0 = Release|Any CPU
	EndGlobalSection
	GlobalSection(SolutionProperties) = preSolution
		HideSolutionNode = FALSE
	EndGlobalSection
	GlobalSection(ExtensibilityGlobals) = postSolution
		SolutionGuid = {B10CC857-7E9C-43AD-8B5E-5D243A2B7A80}
	EndGlobalSection
EndGlobal
